
Microsoft Visual Studio Solution File, Format Version 12.00
# Visual Studio Version 16
VisualStudioVersion = 16.0.30717.126
MinimumVisualStudioVersion = 10.0.40219.1
Project("{FAE04EC0-301F-11D3-BF4B-00C04F79EFBC}") = "Demo", "Demo\Demo.csproj", "{BCB21860-75CD-476A-9882-F13FFEE3A63B}"
EndProject
Global
	GlobalSection(SolutionConfigurationPlatforms) = preSolution
		Debug|Any CPU = Debug|Any CPU
		Release|Any CPU = Release|Any CPU
	EndGlobalSection
	GlobalSection(ProjectConfigurationPlatforms) = postSolution
		{BCB21860-75CD-476A-9882-F13FFEE3A63B}.Debug|Any CPU.ActiveCfg = Debug|Any CPU
		{BCB21860-75CD-476A-9882-F13FFEE3A63B}.Debug|Any CPU.Build.0 = Debug|Any CPU
		{BCB21860-75CD-476A-9882-F13FFEE3A63B}.Release|Any CPU.ActiveCfg = Release|Any CPU
		{BCB21860-75CD-476A-9882-F13FFEE3A63B}.Release|Any CPU.Build.0 = Release|Any CPU
	EndGlobalSection
	GlobalSection(SolutionProperties) = preSolution
		HideSolutionNode = FALSE
	EndGlobalSection
	GlobalSection(ExtensibilityGlobals) = postSolution
		SolutionGuid = {2BAF87A8-02D6-44D2-9EDB-097E837307D8}
	EndGlobalSection
EndGlobal
